
Microsoft Visual Studio Solution File, Format Version 12.00
# Visual Studio Version 17
VisualStudioVersion = 17.11.35303.130
MinimumVisualStudioVersion = 10.0.40219.1
Project("{FAE04EC0-301F-11D3-BF4B-00C04F79EFBC}") = "FactorialProgram", "FactorialProgram.csproj", "{48BA7422-9DD8-4643-874C-7E1A8DCB1101}"
EndProject
Global
	GlobalSection(SolutionConfigurationPlatforms) = preSolution
		Debug|Any CPU = Debug|Any CPU
		Release|Any CPU = Release|Any CPU
	EndGlobalSection
	GlobalSection(ProjectConfigurationPlatforms) = postSolution
		{48BA7422-9DD8-4643-874C-7E1A8DCB1101}.Debug|Any CPU.ActiveCfg = Debug|Any CPU
		{48BA7422-9DD8-4643-874C-7E1A8DCB1101}.Debug|Any CPU.Build.0 = Debug|Any CPU
		{48BA7422-9DD8-4643-874C-7E1A8DCB1101}.Release|Any CPU.ActiveCfg = Release|Any CPU
		{48BA7422-9DD8-4643-874C-7E1A8DCB1101}.Release|Any CPU.Build.0 = Release|Any CPU
	EndGlobalSection
	GlobalSection(SolutionProperties) = preSolution
		HideSolutionNode = FALSE
	EndGlobalSection
	GlobalSection(ExtensibilityGlobals) = postSolution
		SolutionGuid = {6E1E717F-A421-4E73-AB7A-D317BA77D9DC}
	EndGlobalSection
EndGlobal
